
Microsoft Visual Studio Solution File, Format Version 12.00
# Visual Studio Version 17
VisualStudioVersion = 17.13.35828.75 d17.13
MinimumVisualStudioVersion = 10.0.40219.1
Project("{FAE04EC0-301F-11D3-BF4B-00C04F79EFBC}") = "BazaDanychSzkola", "BazaDanychSzkola\BazaDanychSzkola.csproj", "{1A2AD784-66DB-4637-A60C-8A1EB6C32008}"
EndProject
Global
	GlobalSection(SolutionConfigurationPlatforms) = preSolution
		Debug|Any CPU = Debug|Any CPU
		Release|Any CPU = Release|Any CPU
	EndGlobalSection
	GlobalSection(ProjectConfigurationPlatforms) = postSolution
		{1A2AD784-66DB-4637-A60C-8A1EB6C32008}.Debug|Any CPU.ActiveCfg = Debug|Any CPU
		{1A2AD784-66DB-4637-A60C-8A1EB6C32008}.Debug|Any CPU.Build.0 = Debug|Any CPU
		{1A2AD784-66DB-4637-A60C-8A1EB6C32008}.Release|Any CPU.ActiveCfg = Release|Any CPU
		{1A2AD784-66DB-4637-A60C-8A1EB6C32008}.Release|Any CPU.Build.0 = Release|Any CPU
	EndGlobalSection
	GlobalSection(SolutionProperties) = preSolution
		HideSolutionNode = FALSE
	EndGlobalSection
	GlobalSection(ExtensibilityGlobals) = postSolution
		SolutionGuid = {A479FE50-50B4-45F2-BE68-8987BFFA9A9C}
	EndGlobalSection
EndGlobal
